
Microsoft Visual Studio Solution File, Format Version 12.00
# Visual Studio Version 16
VisualStudioVersion = 16.0.32929.386
MinimumVisualStudioVersion = 10.0.40219.1
Project("{FAE04EC0-301F-11D3-BF4B-00C04F79EFBC}") = "Dairy", "Dairy\Dairy.csproj", "{22880ACC-7D5A-41F8-8372-9D4C232A6573}"
EndProject
Global
	GlobalSection(SolutionConfigurationPlatforms) = preSolution
		Debug|Any CPU = Debug|Any CPU
		Release|Any CPU = Release|Any CPU
	EndGlobalSection
	GlobalSection(ProjectConfigurationPlatforms) = postSolution
		{22880ACC-7D5A-41F8-8372-9D4C232A6573}.Debug|Any CPU.ActiveCfg = Debug|Any CPU
		{22880ACC-7D5A-41F8-8372-9D4C232A6573}.Debug|Any CPU.Build.0 = Debug|Any CPU
		{22880ACC-7D5A-41F8-8372-9D4C232A6573}.Release|Any CPU.ActiveCfg = Release|Any CPU
		{22880ACC-7D5A-41F8-8372-9D4C232A6573}.Release|Any CPU.Build.0 = Release|Any CPU
	EndGlobalSection
	GlobalSection(SolutionProperties) = preSolution
		HideSolutionNode = FALSE
	EndGlobalSection
	GlobalSection(ExtensibilityGlobals) = postSolution
		SolutionGuid = {78CB3293-85F4-434D-B7CE-2A487F081B91}
	EndGlobalSection
EndGlobal
